
Microsoft Visual Studio Solution File, Format Version 12.00
# Visual Studio Version 17
VisualStudioVersion = 17.2.32616.157
MinimumVisualStudioVersion = 10.0.40219.1
Project("{FAE04EC0-301F-11D3-BF4B-00C04F79EFBC}") = "Calculator", "Calculator\Calculator.csproj", "{FAFBDFB9-262E-44F0-9E5E-4E0C8B33EF65}"
EndProject
Project("{2150E333-8FDC-42A3-9474-1A3956D46DE8}") = "Tests", "Tests", "{6835F49A-A3A2-43AA-A2BF-50131D81D663}"
EndProject
Project("{FAE04EC0-301F-11D3-BF4B-00C04F79EFBC}") = "Calculator.Tests", "Calculator.Tests\Calculator.Tests.csproj", "{FED0BA6A-9557-4988-995E-0D1C2960FD39}"
EndProject
Global
	GlobalSection(SolutionConfigurationPlatforms) = preSolution
		Debug|Any CPU = Debug|Any CPU
		Release|Any CPU = Release|Any CPU
	EndGlobalSection
	GlobalSection(ProjectConfigurationPlatforms) = postSolution
		{FAFBDFB9-262E-44F0-9E5E-4E0C8B33EF65}.Debug|Any CPU.ActiveCfg = Debug|Any CPU
		{FAFBDFB9-262E-44F0-9E5E-4E0C8B33EF65}.Debug|Any CPU.Build.0 = Debug|Any CPU
		{FAFBDFB9-262E-44F0-9E5E-4E0C8B33EF65}.Release|Any CPU.ActiveCfg = Release|Any CPU
		{FAFBDFB9-262E-44F0-9E5E-4E0C8B33EF65}.Release|Any CPU.Build.0 = Release|Any CPU
		{FED0BA6A-9557-4988-995E-0D1C2960FD39}.Debug|Any CPU.ActiveCfg = Debug|Any CPU
		{FED0BA6A-9557-4988-995E-0D1C2960FD39}.Debug|Any CPU.Build.0 = Debug|Any CPU
		{FED0BA6A-9557-4988-995E-0D1C2960FD39}.Release|Any CPU.ActiveCfg = Release|Any CPU
		{FED0BA6A-9557-4988-995E-0D1C2960FD39}.Release|Any CPU.Build.0 = Release|Any CPU
	EndGlobalSection
	GlobalSection(SolutionProperties) = preSolution
		HideSolutionNode = FALSE
	EndGlobalSection
	GlobalSection(NestedProjects) = preSolution
		{FED0BA6A-9557-4988-995E-0D1C2960FD39} = {6835F49A-A3A2-43AA-A2BF-50131D81D663}
	EndGlobalSection
	GlobalSection(ExtensibilityGlobals) = postSolution
		SolutionGuid = {4A58BBD3-630C-4F0E-B2FE-756F77295331}
	EndGlobalSection
EndGlobal
